
Microsoft Visual Studio Solution File, Format Version 12.00
# Visual Studio Version 17
VisualStudioVersion = 17.8.34330.188
MinimumVisualStudioVersion = 10.0.40219.1
Project("{2150E333-8FDC-42A3-9474-1A3956D46DE8}") = "Layers", "Layers", "{2FB0A06D-1050-4AFA-A1C4-56FA0C6D5225}"
EndProject
Project("{FAE04EC0-301F-11D3-BF4B-00C04F79EFBC}") = "App.Base.Api", "App.Base.Api\App.Base.Api.csproj", "{F11F8AB2-E419-4183-81BC-B86B57D3A372}"
EndProject
Project("{FAE04EC0-301F-11D3-BF4B-00C04F79EFBC}") = "Base.Contract", "Base.Contract\Base.Contract.csproj", "{6CFE2DF7-B3A6-4372-8C20-378571FBA097}"
EndProject
Project("{FAE04EC0-301F-11D3-BF4B-00C04F79EFBC}") = "Base.Domain", "Base.Domain\Base.Domain.csproj", "{CE164C1B-34E9-4F47-A860-B1B15C88E823}"
EndProject
Project("{FAE04EC0-301F-11D3-BF4B-00C04F79EFBC}") = "Base.Domain.Shared", "Base.Domain.Shared\Base.Domain.Shared.csproj", "{87F240C6-9FB9-4914-89A0-A905DEFF2135}"
EndProject
Project("{FAE04EC0-301F-11D3-BF4B-00C04F79EFBC}") = "Base.Infrasucture", "Base.Infrasucture\Base.Infrasucture.csproj", "{425784AD-D67F-4BC0-8415-33A2D85CCF83}"
EndProject
Project("{FAE04EC0-301F-11D3-BF4B-00C04F79EFBC}") = "Base.ServiceLayer", "Base.ServiceLayer\Base.ServiceLayer.csproj", "{C4D0A055-FB00-4822-9883-9FA583DC3B57}"
EndProject
Project("{FAE04EC0-301F-11D3-BF4B-00C04F79EFBC}") = "Base.WebFrameWork", "Base.WebFrameWork\Base.WebFrameWork.csproj", "{021BA826-1A47-40EC-B9B9-9E3CF21FF3E2}"
EndProject
Global
	GlobalSection(SolutionConfigurationPlatforms) = preSolution
		Debug|Any CPU = Debug|Any CPU
		Release|Any CPU = Release|Any CPU
	EndGlobalSection
	GlobalSection(ProjectConfigurationPlatforms) = postSolution
		{F11F8AB2-E419-4183-81BC-B86B57D3A372}.Debug|Any CPU.ActiveCfg = Debug|Any CPU
		{F11F8AB2-E419-4183-81BC-B86B57D3A372}.Debug|Any CPU.Build.0 = Debug|Any CPU
		{F11F8AB2-E419-4183-81BC-B86B57D3A372}.Release|Any CPU.ActiveCfg = Release|Any CPU
		{F11F8AB2-E419-4183-81BC-B86B57D3A372}.Release|Any CPU.Build.0 = Release|Any CPU
		{6CFE2DF7-B3A6-4372-8C20-378571FBA097}.Debug|Any CPU.ActiveCfg = Debug|Any CPU
		{6CFE2DF7-B3A6-4372-8C20-378571FBA097}.Debug|Any CPU.Build.0 = Debug|Any CPU
		{6CFE2DF7-B3A6-4372-8C20-378571FBA097}.Release|Any CPU.ActiveCfg = Release|Any CPU
		{6CFE2DF7-B3A6-4372-8C20-378571FBA097}.Release|Any CPU.Build.0 = Release|Any CPU
		{CE164C1B-34E9-4F47-A860-B1B15C88E823}.Debug|Any CPU.ActiveCfg = Debug|Any CPU
		{CE164C1B-34E9-4F47-A860-B1B15C88E823}.Debug|Any CPU.Build.0 = Debug|Any CPU
		{CE164C1B-34E9-4F47-A860-B1B15C88E823}.Release|Any CPU.ActiveCfg = Release|Any CPU
		{CE164C1B-34E9-4F47-A860-B1B15C88E823}.Release|Any CPU.Build.0 = Release|Any CPU
		{87F240C6-9FB9-4914-89A0-A905DEFF2135}.Debug|Any CPU.ActiveCfg = Debug|Any CPU
		{87F240C6-9FB9-4914-89A0-A905DEFF2135}.Debug|Any CPU.Build.0 = Debug|Any CPU
		{87F240C6-9FB9-4914-89A0-A905DEFF2135}.Release|Any CPU.ActiveCfg = Release|Any CPU
		{87F240C6-9FB9-4914-89A0-A905DEFF2135}.Release|Any CPU.Build.0 = Release|Any CPU
		{425784AD-D67F-4BC0-8415-33A2D85CCF83}.Debug|Any CPU.ActiveCfg = Debug|Any CPU
		{425784AD-D67F-4BC0-8415-33A2D85CCF83}.Debug|Any CPU.Build.0 = Debug|Any CPU
		{425784AD-D67F-4BC0-8415-33A2D85CCF83}.Release|Any CPU.ActiveCfg = Release|Any CPU
		{425784AD-D67F-4BC0-8415-33A2D85CCF83}.Release|Any CPU.Build.0 = Release|Any CPU
		{C4D0A055-FB00-4822-9883-9FA583DC3B57}.Debug|Any CPU.ActiveCfg = Debug|Any CPU
		{C4D0A055-FB00-4822-9883-9FA583DC3B57}.Debug|Any CPU.Build.0 = Debug|Any CPU
		{C4D0A055-FB00-4822-9883-9FA583DC3B57}.Release|Any CPU.ActiveCfg = Release|Any CPU
		{C4D0A055-FB00-4822-9883-9FA583DC3B57}.Release|Any CPU.Build.0 = Release|Any CPU
		{021BA826-1A47-40EC-B9B9-9E3CF21FF3E2}.Debug|Any CPU.ActiveCfg = Debug|Any CPU
		{021BA826-1A47-40EC-B9B9-9E3CF21FF3E2}.Debug|Any CPU.Build.0 = Debug|Any CPU
		{021BA826-1A47-40EC-B9B9-9E3CF21FF3E2}.Release|Any CPU.ActiveCfg = Release|Any CPU
		{021BA826-1A47-40EC-B9B9-9E3CF21FF3E2}.Release|Any CPU.Build.0 = Release|Any CPU
	EndGlobalSection
	GlobalSection(SolutionProperties) = preSolution
		HideSolutionNode = FALSE
	EndGlobalSection
	GlobalSection(NestedProjects) = preSolution
		{6CFE2DF7-B3A6-4372-8C20-378571FBA097} = {2FB0A06D-1050-4AFA-A1C4-56FA0C6D5225}
		{CE164C1B-34E9-4F47-A860-B1B15C88E823} = {2FB0A06D-1050-4AFA-A1C4-56FA0C6D5225}
		{87F240C6-9FB9-4914-89A0-A905DEFF2135} = {2FB0A06D-1050-4AFA-A1C4-56FA0C6D5225}
		{425784AD-D67F-4BC0-8415-33A2D85CCF83} = {2FB0A06D-1050-4AFA-A1C4-56FA0C6D5225}
		{C4D0A055-FB00-4822-9883-9FA583DC3B57} = {2FB0A06D-1050-4AFA-A1C4-56FA0C6D5225}
		{021BA826-1A47-40EC-B9B9-9E3CF21FF3E2} = {2FB0A06D-1050-4AFA-A1C4-56FA0C6D5225}
	EndGlobalSection
	GlobalSection(ExtensibilityGlobals) = postSolution
		SolutionGuid = {5A67B6BC-375A-4EE8-A59E-65D9FD07CCD3}
	EndGlobalSection
EndGlobal
